// !$*UTF8*$!
{
	archiveVersion = 1;
	classes = {
	};
	objectVersion = 55;
	objects = {

/* Begin PBXBuildFile section */
		2E1B3213278C599200F6BE24 /* AppDelegate.swift in Sources */ = {isa = PBXBuildFile; fileRef = 2E1B3212278C599200F6BE24 /* AppDelegate.swift */; };
		2E1B3215278C599200F6BE24 /* SceneDelegate.swift in Sources */ = {isa = PBXBuildFile; fileRef = 2E1B3214278C599200F6BE24 /* SceneDelegate.swift */; };
		2E1B3217278C599200F6BE24 /* ViewController.swift in Sources */ = {isa = PBXBuildFile; fileRef = 2E1B3216278C599200F6BE24 /* ViewController.swift */; };
		2E1B321C278C599400F6BE24 /* Assets.xcassets in Resources */ = {isa = PBXBuildFile; fileRef = 2E1B321B278C599400F6BE24 /* Assets.xcassets */; };
		2E1B321F278C599400F6BE24 /* LaunchScreen.storyboard in Resources */ = {isa = PBXBuildFile; fileRef = 2E1B321D278C599400F6BE24 /* LaunchScreen.storyboard */; };
		2E1B3228278C5BA100F6BE24 /* ConverterViewController.swift in Sources */ = {isa = PBXBuildFile; fileRef = 2E1B3227278C5BA100F6BE24 /* ConverterViewController.swift */; };
		2E1B322B278C5BD200F6BE24 /* ListViewController.swift in Sources */ = {isa = PBXBuildFile; fileRef = 2E1B322A278C5BD200F6BE24 /* ListViewController.swift */; };
		2E1B322D278C633E00F6BE24 /* ListModel.swift in Sources */ = {isa = PBXBuildFile; fileRef = 2E1B322C278C633E00F6BE24 /* ListModel.swift */; };
		2E1B3230278C65A700F6BE24 /* ListViewModel.swift in Sources */ = {isa = PBXBuildFile; fileRef = 2E1B322F278C65A700F6BE24 /* ListViewModel.swift */; };
		2E1B3234278C7E8500F6BE24 /* ApiRequest.swift in Sources */ = {isa = PBXBuildFile; fileRef = 2E1B3233278C7E8500F6BE24 /* ApiRequest.swift */; };
		2E1B3236278C7FA800F6BE24 /* ApiRequestError.swift in Sources */ = {isa = PBXBuildFile; fileRef = 2E1B3235278C7FA800F6BE24 /* ApiRequestError.swift */; };
		2E1B323F278CA6DC00F6BE24 /* ConverterViewModel.swift in Sources */ = {isa = PBXBuildFile; fileRef = 2E1B323E278CA6DC00F6BE24 /* ConverterViewModel.swift */; };
		2E1B3241278CA6E800F6BE24 /* ConverterModel.swift in Sources */ = {isa = PBXBuildFile; fileRef = 2E1B3240278CA6E800F6BE24 /* ConverterModel.swift */; };
		2E1B3244278DC0AC00F6BE24 /* CoinListModal.swift in Sources */ = {isa = PBXBuildFile; fileRef = 2E1B3243278DC0AC00F6BE24 /* CoinListModal.swift */; };
/* End PBXBuildFile section */

/* Begin PBXFileReference section */
		2E1B320F278C599200F6BE24 /* MobileChallenge.app */ = {isa = PBXFileReference; explicitFileType = wrapper.application; includeInIndex = 0; path = MobileChallenge.app; sourceTree = BUILT_PRODUCTS_DIR; };
		2E1B3212278C599200F6BE24 /* AppDelegate.swift */ = {isa = PBXFileReference; lastKnownFileType = sourcecode.swift; path = AppDelegate.swift; sourceTree = "<group>"; };
		2E1B3214278C599200F6BE24 /* SceneDelegate.swift */ = {isa = PBXFileReference; lastKnownFileType = sourcecode.swift; path = SceneDelegate.swift; sourceTree = "<group>"; };
		2E1B3216278C599200F6BE24 /* ViewController.swift */ = {isa = PBXFileReference; lastKnownFileType = sourcecode.swift; path = ViewController.swift; sourceTree = "<group>"; };
		2E1B321B278C599400F6BE24 /* Assets.xcassets */ = {isa = PBXFileReference; lastKnownFileType = folder.assetcatalog; path = Assets.xcassets; sourceTree = "<group>"; };
		2E1B321E278C599400F6BE24 /* Base */ = {isa = PBXFileReference; lastKnownFileType = file.storyboard; name = Base; path = Base.lproj/LaunchScreen.storyboard; sourceTree = "<group>"; };
		2E1B3220278C599400F6BE24 /* Info.plist */ = {isa = PBXFileReference; lastKnownFileType = text.plist.xml; path = Info.plist; sourceTree = "<group>"; };
		2E1B3227278C5BA100F6BE24 /* ConverterViewController.swift */ = {isa = PBXFileReference; lastKnownFileType = sourcecode.swift; path = ConverterViewController.swift; sourceTree = "<group>"; };
		2E1B322A278C5BD200F6BE24 /* ListViewController.swift */ = {isa = PBXFileReference; lastKnownFileType = sourcecode.swift; path = ListViewController.swift; sourceTree = "<group>"; };
		2E1B322C278C633E00F6BE24 /* ListModel.swift */ = {isa = PBXFileReference; lastKnownFileType = sourcecode.swift; path = ListModel.swift; sourceTree = "<group>"; };
		2E1B322F278C65A700F6BE24 /* ListViewModel.swift */ = {isa = PBXFileReference; lastKnownFileType = sourcecode.swift; path = ListViewModel.swift; sourceTree = "<group>"; };
		2E1B3233278C7E8500F6BE24 /* ApiRequest.swift */ = {isa = PBXFileReference; lastKnownFileType = sourcecode.swift; path = ApiRequest.swift; sourceTree = "<group>"; };
		2E1B3235278C7FA800F6BE24 /* ApiRequestError.swift */ = {isa = PBXFileReference; lastKnownFileType = sourcecode.swift; path = ApiRequestError.swift; sourceTree = "<group>"; };
		2E1B323E278CA6DC00F6BE24 /* ConverterViewModel.swift */ = {isa = PBXFileReference; lastKnownFileType = sourcecode.swift; path = ConverterViewModel.swift; sourceTree = "<group>"; };
		2E1B3240278CA6E800F6BE24 /* ConverterModel.swift */ = {isa = PBXFileReference; lastKnownFileType = sourcecode.swift; path = ConverterModel.swift; sourceTree = "<group>"; };
		2E1B3243278DC0AC00F6BE24 /* CoinListModal.swift */ = {isa = PBXFileReference; lastKnownFileType = sourcecode.swift; path = CoinListModal.swift; sourceTree = "<group>"; };
/* End PBXFileReference section */

/* Begin PBXFrameworksBuildPhase section */
		2E1B320C278C599200F6BE24 /* Frameworks */ = {
			isa = PBXFrameworksBuildPhase;
			buildActionMask = 2147483647;
			files = (
			);
			runOnlyForDeploymentPostprocessing = 0;
		};
/* End PBXFrameworksBuildPhase section */

/* Begin PBXGroup section */
		2E1B3206278C599200F6BE24 = {
			isa = PBXGroup;
			children = (
				2E1B3211278C599200F6BE24 /* MobileChallenge */,
				2E1B3210278C599200F6BE24 /* Products */,
			);
			sourceTree = "<group>";
		};
		2E1B3210278C599200F6BE24 /* Products */ = {
			isa = PBXGroup;
			children = (
				2E1B320F278C599200F6BE24 /* MobileChallenge.app */,
			);
			name = Products;
			sourceTree = "<group>";
		};
		2E1B3211278C599200F6BE24 /* MobileChallenge */ = {
			isa = PBXGroup;
			children = (
				2E1B3232278C7E6700F6BE24 /* Request */,
				2E1B3229278C5BAE00F6BE24 /* ListModule */,
				2E1B3226278C5B5700F6BE24 /* ConverterModule */,
				2E1B3212278C599200F6BE24 /* AppDelegate.swift */,
				2E1B3214278C599200F6BE24 /* SceneDelegate.swift */,
				2E1B3216278C599200F6BE24 /* ViewController.swift */,
				2E1B321B278C599400F6BE24 /* Assets.xcassets */,
				2E1B321D278C599400F6BE24 /* LaunchScreen.storyboard */,
				2E1B3220278C599400F6BE24 /* Info.plist */,
			);
			path = MobileChallenge;
			sourceTree = "<group>";
		};
		2E1B3226278C5B5700F6BE24 /* ConverterModule */ = {
			isa = PBXGroup;
			children = (
				2E1B3242278DC05300F6BE24 /* CoinListModal */,
				2E1B3227278C5BA100F6BE24 /* ConverterViewController.swift */,
				2E1B323E278CA6DC00F6BE24 /* ConverterViewModel.swift */,
				2E1B3240278CA6E800F6BE24 /* ConverterModel.swift */,
			);
			path = ConverterModule;
			sourceTree = "<group>";
		};
		2E1B3229278C5BAE00F6BE24 /* ListModule */ = {
			isa = PBXGroup;
			children = (
				2E1B322A278C5BD200F6BE24 /* ListViewController.swift */,
				2E1B322F278C65A700F6BE24 /* ListViewModel.swift */,
				2E1B322C278C633E00F6BE24 /* ListModel.swift */,
			);
			path = ListModule;
			sourceTree = "<group>";
		};
		2E1B3232278C7E6700F6BE24 /* Request */ = {
			isa = PBXGroup;
			children = (
				2E1B3233278C7E8500F6BE24 /* ApiRequest.swift */,
				2E1B3235278C7FA800F6BE24 /* ApiRequestError.swift */,
			);
			path = Request;
			sourceTree = "<group>";
		};
		2E1B3242278DC05300F6BE24 /* CoinListModal */ = {
			isa = PBXGroup;
			children = (
				2E1B3243278DC0AC00F6BE24 /* CoinListModal.swift */,
			);
			path = CoinListModal;
			sourceTree = "<group>";
		};
/* End PBXGroup section */

/* Begin PBXNativeTarget section */
		2E1B320E278C599200F6BE24 /* MobileChallenge */ = {
			isa = PBXNativeTarget;
			buildConfigurationList = 2E1B3223278C599400F6BE24 /* Build configuration list for PBXNativeTarget "MobileChallenge" */;
			buildPhases = (
				2E1B320B278C599200F6BE24 /* Sources */,
				2E1B320C278C599200F6BE24 /* Frameworks */,
				2E1B320D278C599200F6BE24 /* Resources */,
			);
			buildRules = (
			);
			dependencies = (
			);
			name = MobileChallenge;
			productName = MobileChallenge;
			productReference = 2E1B320F278C599200F6BE24 /* MobileChallenge.app */;
			productType = "com.apple.product-type.application";
		};
/* End PBXNativeTarget section */

/* Begin PBXProject section */
		2E1B3207278C599200F6BE24 /* Project object */ = {
			isa = PBXProject;
			attributes = {
				BuildIndependentTargetsInParallel = 1;
				LastSwiftUpdateCheck = 1300;
				LastUpgradeCheck = 1300;
				TargetAttributes = {
					2E1B320E278C599200F6BE24 = {
						CreatedOnToolsVersion = 13.0;
					};
				};
			};
			buildConfigurationList = 2E1B320A278C599200F6BE24 /* Build configuration list for PBXProject "MobileChallenge" */;
			compatibilityVersion = "Xcode 13.0";
			developmentRegion = en;
			hasScannedForEncodings = 0;
			knownRegions = (
				en,
				Base,
			);
			mainGroup = 2E1B3206278C599200F6BE24;
			productRefGroup = 2E1B3210278C599200F6BE24 /* Products */;
			projectDirPath = "";
			projectRoot = "";
			targets = (
				2E1B320E278C599200F6BE24 /* MobileChallenge */,
			);
		};
/* End PBXProject section */

/* Begin PBXResourcesBuildPhase section */
		2E1B320D278C599200F6BE24 /* Resources */ = {
			isa = PBXResourcesBuildPhase;
			buildActionMask = 2147483647;
			files = (
				2E1B321F278C599400F6BE24 /* LaunchScreen.storyboard in Resources */,
				2E1B321C278C599400F6BE24 /* Assets.xcassets in Resources */,
			);
			runOnlyForDeploymentPostprocessing = 0;
		};
/* End PBXResourcesBuildPhase section */

/* Begin PBXSourcesBuildPhase section */
		2E1B320B278C599200F6BE24 /* Sources */ = {
			isa = PBXSourcesBuildPhase;
			buildActionMask = 2147483647;
			files = (
				2E1B3217278C599200F6BE24 /* ViewController.swift in Sources */,
				2E1B323F278CA6DC00F6BE24 /* ConverterViewModel.swift in Sources */,
				2E1B3241278CA6E800F6BE24 /* ConverterModel.swift in Sources */,
				2E1B3213278C599200F6BE24 /* AppDelegate.swift in Sources */,
				2E1B3244278DC0AC00F6BE24 /* CoinListModal.swift in Sources */,
				2E1B3230278C65A700F6BE24 /* ListViewModel.swift in Sources */,
				2E1B3215278C599200F6BE24 /* SceneDelegate.swift in Sources */,
				2E1B322D278C633E00F6BE24 /* ListModel.swift in Sources */,
				2E1B322B278C5BD200F6BE24 /* ListViewController.swift in Sources */,
				2E1B3236278C7FA800F6BE24 /* ApiRequestError.swift in Sources */,
				2E1B3234278C7E8500F6BE24 /* ApiRequest.swift in Sources */,
				2E1B3228278C5BA100F6BE24 /* ConverterViewController.swift in Sources */,
			);
			runOnlyForDeploymentPostprocessing = 0;
		};
/* End PBXSourcesBuildPhase section */

/* Begin PBXVariantGroup section */
		2E1B321D278C599400F6BE24 /* LaunchScreen.storyboard */ = {
			isa = PBXVariantGroup;
			children = (
				2E1B321E278C599400F6BE24 /* Base */,
			);
			name = LaunchScreen.storyboard;
			sourceTree = "<group>";
		};
/* End PBXVariantGroup section */

/* Begin XCBuildConfiguration section */
		2E1B3221278C599400F6BE24 /* Debug */ = {
			isa = XCBuildConfiguration;
			buildSettings = {
				ALWAYS_SEARCH_USER_PATHS = NO;
				CLANG_ANALYZER_NONNULL = YES;
				CLANG_ANALYZER_NUMBER_OBJECT_CONVERSION = YES_AGGRESSIVE;
				CLANG_CXX_LANGUAGE_STANDARD = "gnu++17";
				CLANG_CXX_LIBRARY = "libc++";
				CLANG_ENABLE_MODULES = YES;
				CLANG_ENABLE_OBJC_ARC = YES;
				CLANG_ENABLE_OBJC_WEAK = YES;
				CLANG_WARN_BLOCK_CAPTURE_AUTORELEASING = YES;
				CLANG_WARN_BOOL_CONVERSION = YES;
				CLANG_WARN_COMMA = YES;
				CLANG_WARN_CONSTANT_CONVERSION = YES;
				CLANG_WARN_DEPRECATED_OBJC_IMPLEMENTATIONS = YES;
				CLANG_WARN_DIRECT_OBJC_ISA_USAGE = YES_ERROR;
				CLANG_WARN_DOCUMENTATION_COMMENTS = YES;
				CLANG_WARN_EMPTY_BODY = YES;
				CLANG_WARN_ENUM_CONVERSION = YES;
				CLANG_WARN_INFINITE_RECURSION = YES;
				CLANG_WARN_INT_CONVERSION = YES;
				CLANG_WARN_NON_LITERAL_NULL_CONVERSION = YES;
				CLANG_WARN_OBJC_IMPLICIT_RETAIN_SELF = YES;
				CLANG_WARN_OBJC_LITERAL_CONVERSION = YES;
				CLANG_WARN_OBJC_ROOT_CLASS = YES_ERROR;
				CLANG_WARN_QUOTED_INCLUDE_IN_FRAMEWORK_HEADER = YES;
				CLANG_WARN_RANGE_LOOP_ANALYSIS = YES;
				CLANG_WARN_STRICT_PROTOTYPES = YES;
				CLANG_WARN_SUSPICIOUS_MOVE = YES;
				CLANG_WARN_UNGUARDED_AVAILABILITY = YES_AGGRESSIVE;
				CLANG_WARN_UNREACHABLE_CODE = YES;
				CLANG_WARN__DUPLICATE_METHOD_MATCH = YES;
				COPY_PHASE_STRIP = NO;
				DEBUG_INFORMATION_FORMAT = dwarf;
				ENABLE_STRICT_OBJC_MSGSEND = YES;
				ENABLE_TESTABILITY = YES;
				GCC_C_LANGUAGE_STANDARD = gnu11;
				GCC_DYNAMIC_NO_PIC = NO;
				GCC_NO_COMMON_BLOCKS = YES;
				GCC_OPTIMIZATION_LEVEL = 0;
				GCC_PREPROCESSOR_DEFINITIONS = (
					"DEBUG=1",
					"$(inherited)",
				);
				GCC_WARN_64_TO_32_BIT_CONVERSION = YES;
				GCC_WARN_ABOUT_RETURN_TYPE = YES_ERROR;
				GCC_WARN_UNDECLARED_SELECTOR = YES;
				GCC_WARN_UNINITIALIZED_AUTOS = YES_AGGRESSIVE;
				GCC_WARN_UNUSED_FUNCTION = YES;
				GCC_WARN_UNUSED_VARIABLE = YES;
				IPHONEOS_DEPLOYMENT_TARGET = 15.0;
				MTL_ENABLE_DEBUG_INFO = INCLUDE_SOURCE;
				MTL_FAST_MATH = YES;
				ONLY_ACTIVE_ARCH = YES;
				SDKROOT = iphoneos;
				SWIFT_ACTIVE_COMPILATION_CONDITIONS = DEBUG;
				SWIFT_OPTIMIZATION_LEVEL = "-Onone";
			};
			name = Debug;
		};
		2E1B3222278C599400F6BE24 /* Release */ = {
			isa = XCBuildConfiguration;
			buildSettings = {
				ALWAYS_SEARCH_USER_PATHS = NO;
				CLANG_ANALYZER_NONNULL = YES;
				CLANG_ANALYZER_NUMBER_OBJECT_CONVERSION = YES_AGGRESSIVE;
				CLANG_CXX_LANGUAGE_STANDARD = "gnu++17";
				CLANG_CXX_LIBRARY = "libc++";
				CLANG_ENABLE_MODULES = YES;
				CLANG_ENABLE_OBJC_ARC = YES;
				CLANG_ENABLE_OBJC_WEAK = YES;
				CLANG_WARN_BLOCK_CAPTURE_AUTORELEASING = YES;
				CLANG_WARN_BOOL_CONVERSION = YES;
				CLANG_WARN_COMMA = YES;
				CLANG_WARN_CONSTANT_CONVERSION = YES;
				CLANG_WARN_DEPRECATED_OBJC_IMPLEMENTATIONS = YES;
				CLANG_WARN_DIRECT_OBJC_ISA_USAGE = YES_ERROR;
				CLANG_WARN_DOCUMENTATION_COMMENTS = YES;
				CLANG_WARN_EMPTY_BODY = YES;
				CLANG_WARN_ENUM_CONVERSION = YES;
				CLANG_WARN_INFINITE_RECURSION = YES;
				CLANG_WARN_INT_CONVERSION = YES;
				CLANG_WARN_NON_LITERAL_NULL_CONVERSION = YES;
				CLANG_WARN_OBJC_IMPLICIT_RETAIN_SELF = YES;
				CLANG_WARN_OBJC_LITERAL_CONVERSION = YES;
				CLANG_WARN_OBJC_ROOT_CLASS = YES_ERROR;
				CLANG_WARN_QUOTED_INCLUDE_IN_FRAMEWORK_HEADER = YES;
				CLANG_WARN_RANGE_LOOP_ANALYSIS = YES;
				CLANG_WARN_STRICT_PROTOTYPES = YES;
				CLANG_WARN_SUSPICIOUS_MOVE = YES;
				CLANG_WARN_UNGUARDED_AVAILABILITY = YES_AGGRESSIVE;
				CLANG_WARN_UNREACHABLE_CODE = YES;
				CLANG_WARN__DUPLICATE_METHOD_MATCH = YES;
				COPY_PHASE_STRIP = NO;
				DEBUG_INFORMATION_FORMAT = "dwarf-with-dsym";
				ENABLE_NS_ASSERTIONS = NO;
				ENABLE_STRICT_OBJC_MSGSEND = YES;
				GCC_C_LANGUAGE_STANDARD = gnu11;
				GCC_NO_COMMON_BLOCKS = YES;
				GCC_WARN_64_TO_32_BIT_CONVERSION = YES;
				GCC_WARN_ABOUT_RETURN_TYPE = YES_ERROR;
				GCC_WARN_UNDECLARED_SELECTOR = YES;
				GCC_WARN_UNINITIALIZED_AUTOS = YES_AGGRESSIVE;
				GCC_WARN_UNUSED_FUNCTION = YES;
				GCC_WARN_UNUSED_VARIABLE = YES;
				IPHONEOS_DEPLOYMENT_TARGET = 15.0;
				MTL_ENABLE_DEBUG_INFO = NO;
				MTL_FAST_MATH = YES;
				SDKROOT = iphoneos;
				SWIFT_COMPILATION_MODE = wholemodule;
				SWIFT_OPTIMIZATION_LEVEL = "-O";
				VALIDATE_PRODUCT = YES;
			};
			name = Release;
		};
		2E1B3224278C599400F6BE24 /* Debug */ = {
			isa = XCBuildConfiguration;
			buildSettings = {
				ASSETCATALOG_COMPILER_APPICON_NAME = AppIcon;
				ASSETCATALOG_COMPILER_GLOBAL_ACCENT_COLOR_NAME = AccentColor;
				CODE_SIGN_STYLE = Automatic;
				CURRENT_PROJECT_VERSION = 1;
				DEVELOPMENT_TEAM = P3PDP2RPN7;
				GENERATE_INFOPLIST_FILE = YES;
				INFOPLIST_FILE = MobileChallenge/Info.plist;
				INFOPLIST_KEY_UIApplicationSupportsIndirectInputEvents = YES;
				INFOPLIST_KEY_UILaunchStoryboardName = LaunchScreen;
				INFOPLIST_KEY_UISupportedInterfaceOrientations = UIInterfaceOrientationPortrait;
				INFOPLIST_KEY_UISupportedInterfaceOrientations_iPad = "UIInterfaceOrientationPortrait UIInterfaceOrientationPortraitUpsideDown UIInterfaceOrientationLandscapeLeft UIInterfaceOrientationLandscapeRight";
				INFOPLIST_KEY_UISupportedInterfaceOrientations_iPhone = "UIInterfaceOrientationPortrait UIInterfaceOrientationLandscapeLeft UIInterfaceOrientationLandscapeRight";
				LD_RUNPATH_SEARCH_PATHS = (
					"$(inherited)",
					"@executable_path/Frameworks",
				);
				MARKETING_VERSION = 1.0;
				PRODUCT_BUNDLE_IDENTIFIER = eduardoliveira.MobileChallenge;
				PRODUCT_NAME = "$(TARGET_NAME)";
				SWIFT_EMIT_LOC_STRINGS = YES;
				SWIFT_VERSION = 5.0;
				TARGETED_DEVICE_FAMILY = 1;
			};
			name = Debug;
		};
		2E1B3225278C599400F6BE24 /* Release */ = {
			isa = XCBuildConfiguration;
			buildSettings = {
				ASSETCATALOG_COMPILER_APPICON_NAME = AppIcon;
				ASSETCATALOG_COMPILER_GLOBAL_ACCENT_COLOR_NAME = AccentColor;
				CODE_SIGN_STYLE = Automatic;
				CURRENT_PROJECT_VERSION = 1;
				DEVELOPMENT_TEAM = P3PDP2RPN7;
				GENERATE_INFOPLIST_FILE = YES;
				INFOPLIST_FILE = MobileChallenge/Info.plist;
				INFOPLIST_KEY_UIApplicationSupportsIndirectInputEvents = YES;
				INFOPLIST_KEY_UILaunchStoryboardName = LaunchScreen;
				INFOPLIST_KEY_UISupportedInterfaceOrientations = UIInterfaceOrientationPortrait;
				INFOPLIST_KEY_UISupportedInterfaceOrientations_iPad = "UIInterfaceOrientationPortrait UIInterfaceOrientationPortraitUpsideDown UIInterfaceOrientationLandscapeLeft UIInterfaceOrientationLandscapeRight";
				INFOPLIST_KEY_UISupportedInterfaceOrientations_iPhone = "UIInterfaceOrientationPortrait UIInterfaceOrientationLandscapeLeft UIInterfaceOrientationLandscapeRight";
				LD_RUNPATH_SEARCH_PATHS = (
					"$(inherited)",
					"@executable_path/Frameworks",
				);
				MARKETING_VERSION = 1.0;
				PRODUCT_BUNDLE_IDENTIFIER = eduardoliveira.MobileChallenge;
				PRODUCT_NAME = "$(TARGET_NAME)";
				SWIFT_EMIT_LOC_STRINGS = YES;
				SWIFT_VERSION = 5.0;
				TARGETED_DEVICE_FAMILY = 1;
			};
			name = Release;
		};
/* End XCBuildConfiguration section */

/* Begin XCConfigurationList section */
		2E1B320A278C599200F6BE24 /* Build configuration list for PBXProject "MobileChallenge" */ = {
			isa = XCConfigurationList;
			buildConfigurations = (
				2E1B3221278C599400F6BE24 /* Debug */,
				2E1B3222278C599400F6BE24 /* Release */,
			);
			defaultConfigurationIsVisible = 0;
			defaultConfigurationName = Release;
		};
		2E1B3223278C599400F6BE24 /* Build configuration list for PBXNativeTarget "MobileChallenge" */ = {
			isa = XCConfigurationList;
			buildConfigurations = (
				2E1B3224278C599400F6BE24 /* Debug */,
				2E1B3225278C599400F6BE24 /* Release */,
			);
			defaultConfigurationIsVisible = 0;
			defaultConfigurationName = Release;
		};
/* End XCConfigurationList section */
	};
	rootObject = 2E1B3207278C599200F6BE24 /* Project object */;
}
